
Microsoft Visual Studio Solution File, Format Version 12.00
# Visual Studio 15
VisualStudioVersion = 15.0.27703.2000
MinimumVisualStudioVersion = 10.0.40219.1
Project("{FAE04EC0-301F-11D3-BF4B-00C04F79EFBC}") = "NLayerApp.WEB", "NLayerApp.WEB\NLayerApp.WEB.csproj", "{5DF5E99A-D5DA-4898-89B9-46283F9D4143}"
EndProject
Project("{FAE04EC0-301F-11D3-BF4B-00C04F79EFBC}") = "NLayerApp.DAL", "NLayerApp.DAL\NLayerApp.DAL.csproj", "{150A9980-05EE-4FE8-9773-0EA02755A602}"
EndProject
Project("{FAE04EC0-301F-11D3-BF4B-00C04F79EFBC}") = "NLayerApp.BLL", "NLayerApp.BLL\NLayerApp.BLL.csproj", "{F3032D83-6A2C-440B-B34A-0C0C865EE810}"
EndProject
Global
	GlobalSection(SolutionConfigurationPlatforms) = preSolution
		Debug|Any CPU = Debug|Any CPU
		Release|Any CPU = Release|Any CPU
	EndGlobalSection
	GlobalSection(ProjectConfigurationPlatforms) = postSolution
		{5DF5E99A-D5DA-4898-89B9-46283F9D4143}.Debug|Any CPU.ActiveCfg = Debug|Any CPU
		{5DF5E99A-D5DA-4898-89B9-46283F9D4143}.Debug|Any CPU.Build.0 = Debug|Any CPU
		{5DF5E99A-D5DA-4898-89B9-46283F9D4143}.Release|Any CPU.ActiveCfg = Release|Any CPU
		{5DF5E99A-D5DA-4898-89B9-46283F9D4143}.Release|Any CPU.Build.0 = Release|Any CPU
		{150A9980-05EE-4FE8-9773-0EA02755A602}.Debug|Any CPU.ActiveCfg = Debug|Any CPU
		{150A9980-05EE-4FE8-9773-0EA02755A602}.Debug|Any CPU.Build.0 = Debug|Any CPU
		{150A9980-05EE-4FE8-9773-0EA02755A602}.Release|Any CPU.ActiveCfg = Release|Any CPU
		{150A9980-05EE-4FE8-9773-0EA02755A602}.Release|Any CPU.Build.0 = Release|Any CPU
		{F3032D83-6A2C-440B-B34A-0C0C865EE810}.Debug|Any CPU.ActiveCfg = Debug|Any CPU
		{F3032D83-6A2C-440B-B34A-0C0C865EE810}.Debug|Any CPU.Build.0 = Debug|Any CPU
		{F3032D83-6A2C-440B-B34A-0C0C865EE810}.Release|Any CPU.ActiveCfg = Release|Any CPU
		{F3032D83-6A2C-440B-B34A-0C0C865EE810}.Release|Any CPU.Build.0 = Release|Any CPU
	EndGlobalSection
	GlobalSection(SolutionProperties) = preSolution
		HideSolutionNode = FALSE
	EndGlobalSection
	GlobalSection(ExtensibilityGlobals) = postSolution
		SolutionGuid = {956B3A48-F404-4C19-A9F2-598B532ECC12}
	EndGlobalSection
EndGlobal
